
Microsoft Visual Studio Solution File, Format Version 12.00
# Visual Studio Version 16
VisualStudioVersion = 16.0.30114.105
MinimumVisualStudioVersion = 10.0.40219.1
Project("{2150E333-8FDC-42A3-9474-1A3956D46DE8}") = "Services", "Services", "{0C237DAC-D9E1-4DB8-A226-F6F6CE2B18E1}"
EndProject
Project("{2150E333-8FDC-42A3-9474-1A3956D46DE8}") = "Catalog", "Catalog", "{A405E710-5357-4638-A0B2-D44BF6809095}"
EndProject
Project("{2150E333-8FDC-42A3-9474-1A3956D46DE8}") = "Catalog.API", "Catalog.API", "{B3D2833E-EF48-439F-9218-5F43B10F4E6A}"
EndProject
Project("{FAE04EC0-301F-11D3-BF4B-00C04F79EFBC}") = "Catalog.API", "Catalog.API\Catalog.API.csproj", "{30E046B7-C104-4C77-8087-010D6E769C83}"
EndProject
Global
	GlobalSection(SolutionConfigurationPlatforms) = preSolution
		Debug|Any CPU = Debug|Any CPU
		Release|Any CPU = Release|Any CPU
	EndGlobalSection
	GlobalSection(ProjectConfigurationPlatforms) = postSolution
		{30E046B7-C104-4C77-8087-010D6E769C83}.Debug|Any CPU.ActiveCfg = Debug|Any CPU
		{30E046B7-C104-4C77-8087-010D6E769C83}.Debug|Any CPU.Build.0 = Debug|Any CPU
		{30E046B7-C104-4C77-8087-010D6E769C83}.Release|Any CPU.ActiveCfg = Release|Any CPU
		{30E046B7-C104-4C77-8087-010D6E769C83}.Release|Any CPU.Build.0 = Release|Any CPU
	EndGlobalSection
	GlobalSection(SolutionProperties) = preSolution
		HideSolutionNode = FALSE
	EndGlobalSection
	GlobalSection(NestedProjects) = preSolution
		{A405E710-5357-4638-A0B2-D44BF6809095} = {0C237DAC-D9E1-4DB8-A226-F6F6CE2B18E1}
		{B3D2833E-EF48-439F-9218-5F43B10F4E6A} = {A405E710-5357-4638-A0B2-D44BF6809095}
		{30E046B7-C104-4C77-8087-010D6E769C83} = {B3D2833E-EF48-439F-9218-5F43B10F4E6A}
	EndGlobalSection
	GlobalSection(ExtensibilityGlobals) = postSolution
		SolutionGuid = {E00940BC-C60C-4ED7-A00C-4DB9B11F0E9F}
	EndGlobalSection
EndGlobal
